
Microsoft Visual Studio Solution File, Format Version 12.00
# Visual Studio Version 16
VisualStudioVersion = 16.0.31624.102
MinimumVisualStudioVersion = 10.0.40219.1
Project("{FAE04EC0-301F-11D3-BF4B-00C04F79EFBC}") = "Lab3_301194572", "Lab3_301194572.csproj", "{81257BCD-52C4-48D8-A786-35CFBB05AE0F}"
EndProject
Global
	GlobalSection(SolutionConfigurationPlatforms) = preSolution
		Debug|Any CPU = Debug|Any CPU
		Release|Any CPU = Release|Any CPU
	EndGlobalSection
	GlobalSection(ProjectConfigurationPlatforms) = postSolution
		{81257BCD-52C4-48D8-A786-35CFBB05AE0F}.Debug|Any CPU.ActiveCfg = Debug|Any CPU
		{81257BCD-52C4-48D8-A786-35CFBB05AE0F}.Debug|Any CPU.Build.0 = Debug|Any CPU
		{81257BCD-52C4-48D8-A786-35CFBB05AE0F}.Release|Any CPU.ActiveCfg = Release|Any CPU
		{81257BCD-52C4-48D8-A786-35CFBB05AE0F}.Release|Any CPU.Build.0 = Release|Any CPU
	EndGlobalSection
	GlobalSection(SolutionProperties) = preSolution
		HideSolutionNode = FALSE
	EndGlobalSection
	GlobalSection(ExtensibilityGlobals) = postSolution
		SolutionGuid = {2A9A8C71-576E-4D7D-9AD5-2EF78315E33D}
	EndGlobalSection
EndGlobal
